
Microsoft Visual Studio Solution File, Format Version 12.00
# Visual Studio Version 16
VisualStudioVersion = 16.0.30804.86
MinimumVisualStudioVersion = 10.0.40219.1
Project("{2150E333-8FDC-42A3-9474-1A3956D46DE8}") = "Examples", "Examples", "{22691048-4FB9-4B15-91CF-7EA7DA538473}"
EndProject
Project("{2150E333-8FDC-42A3-9474-1A3956D46DE8}") = "Packages", "Packages", "{DE40C255-3F47-4AD0-93F5-3DECB4506F24}"
EndProject
Project("{2150E333-8FDC-42A3-9474-1A3956D46DE8}") = "Auth", "Auth", "{46FBAC3B-082F-43E0-B2AC-138132AC5CE7}"
EndProject
Project("{2150E333-8FDC-42A3-9474-1A3956D46DE8}") = "Proxy", "Proxy", "{8501D400-07C9-40AB-99C7-5CD77AACC9F4}"
EndProject
Project("{9A19103F-16F7-4668-BE54-9A1E7A4F7556}") = "Proxy", "Examples\Proxy\Proxy.csproj", "{9F109CDD-3A57-4FFB-A091-7C4045E2FCC0}"
EndProject
Project("{9A19103F-16F7-4668-BE54-9A1E7A4F7556}") = "React", "Examples\React\React.csproj", "{022E217F-256E-49E9-BF7B-ACCCA287A165}"
EndProject
Project("{9A19103F-16F7-4668-BE54-9A1E7A4F7556}") = "UsersSecrets.Functions", "Examples\Auth\UsersSecrets.Functions.csproj", "{607C152D-9C2A-45F2-A485-1A477CCE3F6F}"
EndProject
Project("{2150E333-8FDC-42A3-9474-1A3956D46DE8}") = "OpenApi", "OpenApi", "{CAD9974E-5CF1-4B55-8D25-370E2ED481F7}"
EndProject
Project("{2150E333-8FDC-42A3-9474-1A3956D46DE8}") = "IdentityProvider", "IdentityProvider", "{D926322A-B865-4A16-9892-72C312AB86F9}"
EndProject
Project("{9A19103F-16F7-4668-BE54-9A1E7A4F7556}") = "Barracuda.Indentity.Provider", "Packages\IdentityProvider\Barracuda.Indentity.Provider.csproj", "{E3452878-2378-46EC-A78A-FDA18DCAFFFB}"
EndProject
Project("{2150E333-8FDC-42A3-9474-1A3956D46DE8}") = "OpenApiReader.Azure.Functions", "OpenApiReader.Azure.Functions", "{5F8F6942-F2A8-43E0-8AEA-672FB7AAE0C5}"
EndProject
Project("{9A19103F-16F7-4668-BE54-9A1E7A4F7556}") = "Demo.Azure.Functions", "Examples\OpenApiReader.Azure.Functions\Demo.Azure.Functions.csproj", "{56FCB433-2251-41E1-BC8A-6A1D8BC29D54}"
EndProject
Project("{9A19103F-16F7-4668-BE54-9A1E7A4F7556}") = "OpenApi", "Packages\OpenApi\OpenApi.csproj", "{249AE606-8171-4C35-A849-61662B2D2BD7}"
EndProject
Project("{2150E333-8FDC-42A3-9474-1A3956D46DE8}") = "Blobs", "Blobs", "{A4E702C2-C907-4453-B1A4-DAC5A644EE8A}"
EndProject
Project("{9A19103F-16F7-4668-BE54-9A1E7A4F7556}") = "Barracuda.Blobs", "Packages\Blobs\Barracuda.Blobs.csproj", "{1A49D98C-261D-42CD-A38C-F68B0BF462ED}"
EndProject
Project("{2150E333-8FDC-42A3-9474-1A3956D46DE8}") = "Blobs", "Blobs", "{E8CF7144-7C3D-4E38-9B0D-A22CE7697976}"
EndProject
Project("{9A19103F-16F7-4668-BE54-9A1E7A4F7556}") = "Blobs.Functions", "Examples\Blobs\Blobs.Functions.csproj", "{C3623627-9376-431E-AD0B-A1B138528777}"
EndProject
Project("{2150E333-8FDC-42A3-9474-1A3956D46DE8}") = "Examples.Aws", "Examples.Aws", "{6045A7B1-E354-42C7-BC1C-319BD67A468D}"
EndProject
Project("{2150E333-8FDC-42A3-9474-1A3956D46DE8}") = "Auth", "Auth", "{BBF457CD-D91C-4795-92BB-40F44FABA912}"
EndProject
Project("{9A19103F-16F7-4668-BE54-9A1E7A4F7556}") = "Auth.Aws", "Examples.Aws\Auth.Aws\Auth.Aws.csproj", "{9F5EE2D1-18BA-489F-9924-54E27D6FCFFF}"
EndProject
Project("{2150E333-8FDC-42A3-9474-1A3956D46DE8}") = "BOA", "BOA", "{F8FB74E6-5B76-43A2-A106-8C6C2E01E687}"
EndProject
Project("{9A19103F-16F7-4668-BE54-9A1E7A4F7556}") = "OpenApiLambdaAws", "Examples.Aws\BOA\OpenApiLambdaAws.csproj", "{A238027E-FDF6-4AB0-8FF5-0468ADFA809F}"
EndProject
Global
	GlobalSection(SolutionConfigurationPlatforms) = preSolution
		Debug|Any CPU = Debug|Any CPU
		Debug|x86 = Debug|x86
		Release|Any CPU = Release|Any CPU
		Release|x86 = Release|x86
	EndGlobalSection
	GlobalSection(ProjectConfigurationPlatforms) = postSolution
		{9F109CDD-3A57-4FFB-A091-7C4045E2FCC0}.Debug|Any CPU.ActiveCfg = Debug|Any CPU
		{9F109CDD-3A57-4FFB-A091-7C4045E2FCC0}.Debug|Any CPU.Build.0 = Debug|Any CPU
		{9F109CDD-3A57-4FFB-A091-7C4045E2FCC0}.Debug|x86.ActiveCfg = Debug|Any CPU
		{9F109CDD-3A57-4FFB-A091-7C4045E2FCC0}.Debug|x86.Build.0 = Debug|Any CPU
		{9F109CDD-3A57-4FFB-A091-7C4045E2FCC0}.Release|Any CPU.ActiveCfg = Release|Any CPU
		{9F109CDD-3A57-4FFB-A091-7C4045E2FCC0}.Release|Any CPU.Build.0 = Release|Any CPU
		{9F109CDD-3A57-4FFB-A091-7C4045E2FCC0}.Release|x86.ActiveCfg = Release|Any CPU
		{9F109CDD-3A57-4FFB-A091-7C4045E2FCC0}.Release|x86.Build.0 = Release|Any CPU
		{022E217F-256E-49E9-BF7B-ACCCA287A165}.Debug|Any CPU.ActiveCfg = Debug|Any CPU
		{022E217F-256E-49E9-BF7B-ACCCA287A165}.Debug|Any CPU.Build.0 = Debug|Any CPU
		{022E217F-256E-49E9-BF7B-ACCCA287A165}.Debug|x86.ActiveCfg = Debug|Any CPU
		{022E217F-256E-49E9-BF7B-ACCCA287A165}.Debug|x86.Build.0 = Debug|Any CPU
		{022E217F-256E-49E9-BF7B-ACCCA287A165}.Release|Any CPU.ActiveCfg = Release|Any CPU
		{022E217F-256E-49E9-BF7B-ACCCA287A165}.Release|Any CPU.Build.0 = Release|Any CPU
		{022E217F-256E-49E9-BF7B-ACCCA287A165}.Release|x86.ActiveCfg = Release|Any CPU
		{022E217F-256E-49E9-BF7B-ACCCA287A165}.Release|x86.Build.0 = Release|Any CPU
		{607C152D-9C2A-45F2-A485-1A477CCE3F6F}.Debug|Any CPU.ActiveCfg = Debug|Any CPU
		{607C152D-9C2A-45F2-A485-1A477CCE3F6F}.Debug|Any CPU.Build.0 = Debug|Any CPU
		{607C152D-9C2A-45F2-A485-1A477CCE3F6F}.Debug|x86.ActiveCfg = Debug|Any CPU
		{607C152D-9C2A-45F2-A485-1A477CCE3F6F}.Debug|x86.Build.0 = Debug|Any CPU
		{607C152D-9C2A-45F2-A485-1A477CCE3F6F}.Release|Any CPU.ActiveCfg = Release|Any CPU
		{607C152D-9C2A-45F2-A485-1A477CCE3F6F}.Release|Any CPU.Build.0 = Release|Any CPU
		{607C152D-9C2A-45F2-A485-1A477CCE3F6F}.Release|x86.ActiveCfg = Release|Any CPU
		{607C152D-9C2A-45F2-A485-1A477CCE3F6F}.Release|x86.Build.0 = Release|Any CPU
		{E3452878-2378-46EC-A78A-FDA18DCAFFFB}.Debug|Any CPU.ActiveCfg = Debug|Any CPU
		{E3452878-2378-46EC-A78A-FDA18DCAFFFB}.Debug|Any CPU.Build.0 = Debug|Any CPU
		{E3452878-2378-46EC-A78A-FDA18DCAFFFB}.Debug|x86.ActiveCfg = Debug|Any CPU
		{E3452878-2378-46EC-A78A-FDA18DCAFFFB}.Debug|x86.Build.0 = Debug|Any CPU
		{E3452878-2378-46EC-A78A-FDA18DCAFFFB}.Release|Any CPU.ActiveCfg = Release|Any CPU
		{E3452878-2378-46EC-A78A-FDA18DCAFFFB}.Release|Any CPU.Build.0 = Release|Any CPU
		{E3452878-2378-46EC-A78A-FDA18DCAFFFB}.Release|x86.ActiveCfg = Release|Any CPU
		{E3452878-2378-46EC-A78A-FDA18DCAFFFB}.Release|x86.Build.0 = Release|Any CPU
		{56FCB433-2251-41E1-BC8A-6A1D8BC29D54}.Debug|Any CPU.ActiveCfg = Debug|Any CPU
		{56FCB433-2251-41E1-BC8A-6A1D8BC29D54}.Debug|Any CPU.Build.0 = Debug|Any CPU
		{56FCB433-2251-41E1-BC8A-6A1D8BC29D54}.Debug|x86.ActiveCfg = Debug|Any CPU
		{56FCB433-2251-41E1-BC8A-6A1D8BC29D54}.Debug|x86.Build.0 = Debug|Any CPU
		{56FCB433-2251-41E1-BC8A-6A1D8BC29D54}.Release|Any CPU.ActiveCfg = Release|Any CPU
		{56FCB433-2251-41E1-BC8A-6A1D8BC29D54}.Release|Any CPU.Build.0 = Release|Any CPU
		{56FCB433-2251-41E1-BC8A-6A1D8BC29D54}.Release|x86.ActiveCfg = Release|Any CPU
		{56FCB433-2251-41E1-BC8A-6A1D8BC29D54}.Release|x86.Build.0 = Release|Any CPU
		{249AE606-8171-4C35-A849-61662B2D2BD7}.Debug|Any CPU.ActiveCfg = Debug|Any CPU
		{249AE606-8171-4C35-A849-61662B2D2BD7}.Debug|Any CPU.Build.0 = Debug|Any CPU
		{249AE606-8171-4C35-A849-61662B2D2BD7}.Debug|x86.ActiveCfg = Debug|Any CPU
		{249AE606-8171-4C35-A849-61662B2D2BD7}.Debug|x86.Build.0 = Debug|Any CPU
		{249AE606-8171-4C35-A849-61662B2D2BD7}.Release|Any CPU.ActiveCfg = Release|Any CPU
		{249AE606-8171-4C35-A849-61662B2D2BD7}.Release|Any CPU.Build.0 = Release|Any CPU
		{249AE606-8171-4C35-A849-61662B2D2BD7}.Release|x86.ActiveCfg = Release|Any CPU
		{249AE606-8171-4C35-A849-61662B2D2BD7}.Release|x86.Build.0 = Release|Any CPU
		{1A49D98C-261D-42CD-A38C-F68B0BF462ED}.Debug|Any CPU.ActiveCfg = Debug|Any CPU
		{1A49D98C-261D-42CD-A38C-F68B0BF462ED}.Debug|Any CPU.Build.0 = Debug|Any CPU
		{1A49D98C-261D-42CD-A38C-F68B0BF462ED}.Debug|x86.ActiveCfg = Debug|Any CPU
		{1A49D98C-261D-42CD-A38C-F68B0BF462ED}.Debug|x86.Build.0 = Debug|Any CPU
		{1A49D98C-261D-42CD-A38C-F68B0BF462ED}.Release|Any CPU.ActiveCfg = Release|Any CPU
		{1A49D98C-261D-42CD-A38C-F68B0BF462ED}.Release|Any CPU.Build.0 = Release|Any CPU
		{1A49D98C-261D-42CD-A38C-F68B0BF462ED}.Release|x86.ActiveCfg = Release|Any CPU
		{1A49D98C-261D-42CD-A38C-F68B0BF462ED}.Release|x86.Build.0 = Release|Any CPU
		{C3623627-9376-431E-AD0B-A1B138528777}.Debug|Any CPU.ActiveCfg = Debug|Any CPU
		{C3623627-9376-431E-AD0B-A1B138528777}.Debug|Any CPU.Build.0 = Debug|Any CPU
		{C3623627-9376-431E-AD0B-A1B138528777}.Debug|x86.ActiveCfg = Debug|Any CPU
		{C3623627-9376-431E-AD0B-A1B138528777}.Debug|x86.Build.0 = Debug|Any CPU
		{C3623627-9376-431E-AD0B-A1B138528777}.Release|Any CPU.ActiveCfg = Release|Any CPU
		{C3623627-9376-431E-AD0B-A1B138528777}.Release|Any CPU.Build.0 = Release|Any CPU
		{C3623627-9376-431E-AD0B-A1B138528777}.Release|x86.ActiveCfg = Release|Any CPU
		{C3623627-9376-431E-AD0B-A1B138528777}.Release|x86.Build.0 = Release|Any CPU
		{9F5EE2D1-18BA-489F-9924-54E27D6FCFFF}.Debug|Any CPU.ActiveCfg = Debug|Any CPU
		{9F5EE2D1-18BA-489F-9924-54E27D6FCFFF}.Debug|Any CPU.Build.0 = Debug|Any CPU
		{9F5EE2D1-18BA-489F-9924-54E27D6FCFFF}.Debug|x86.ActiveCfg = Debug|Any CPU
		{9F5EE2D1-18BA-489F-9924-54E27D6FCFFF}.Debug|x86.Build.0 = Debug|Any CPU
		{9F5EE2D1-18BA-489F-9924-54E27D6FCFFF}.Release|Any CPU.ActiveCfg = Release|Any CPU
		{9F5EE2D1-18BA-489F-9924-54E27D6FCFFF}.Release|Any CPU.Build.0 = Release|Any CPU
		{9F5EE2D1-18BA-489F-9924-54E27D6FCFFF}.Release|x86.ActiveCfg = Release|Any CPU
		{9F5EE2D1-18BA-489F-9924-54E27D6FCFFF}.Release|x86.Build.0 = Release|Any CPU
		{A238027E-FDF6-4AB0-8FF5-0468ADFA809F}.Debug|Any CPU.ActiveCfg = Debug|Any CPU
		{A238027E-FDF6-4AB0-8FF5-0468ADFA809F}.Debug|Any CPU.Build.0 = Debug|Any CPU
		{A238027E-FDF6-4AB0-8FF5-0468ADFA809F}.Debug|x86.ActiveCfg = Debug|Any CPU
		{A238027E-FDF6-4AB0-8FF5-0468ADFA809F}.Debug|x86.Build.0 = Debug|Any CPU
		{A238027E-FDF6-4AB0-8FF5-0468ADFA809F}.Release|Any CPU.ActiveCfg = Release|Any CPU
		{A238027E-FDF6-4AB0-8FF5-0468ADFA809F}.Release|Any CPU.Build.0 = Release|Any CPU
		{A238027E-FDF6-4AB0-8FF5-0468ADFA809F}.Release|x86.ActiveCfg = Release|Any CPU
		{A238027E-FDF6-4AB0-8FF5-0468ADFA809F}.Release|x86.Build.0 = Release|Any CPU
	EndGlobalSection
	GlobalSection(SolutionProperties) = preSolution
		HideSolutionNode = FALSE
	EndGlobalSection
	GlobalSection(NestedProjects) = preSolution
		{46FBAC3B-082F-43E0-B2AC-138132AC5CE7} = {22691048-4FB9-4B15-91CF-7EA7DA538473}
		{8501D400-07C9-40AB-99C7-5CD77AACC9F4} = {22691048-4FB9-4B15-91CF-7EA7DA538473}
		{9F109CDD-3A57-4FFB-A091-7C4045E2FCC0} = {8501D400-07C9-40AB-99C7-5CD77AACC9F4}
		{022E217F-256E-49E9-BF7B-ACCCA287A165} = {22691048-4FB9-4B15-91CF-7EA7DA538473}
		{607C152D-9C2A-45F2-A485-1A477CCE3F6F} = {46FBAC3B-082F-43E0-B2AC-138132AC5CE7}
		{CAD9974E-5CF1-4B55-8D25-370E2ED481F7} = {DE40C255-3F47-4AD0-93F5-3DECB4506F24}
		{D926322A-B865-4A16-9892-72C312AB86F9} = {DE40C255-3F47-4AD0-93F5-3DECB4506F24}
		{E3452878-2378-46EC-A78A-FDA18DCAFFFB} = {D926322A-B865-4A16-9892-72C312AB86F9}
		{5F8F6942-F2A8-43E0-8AEA-672FB7AAE0C5} = {22691048-4FB9-4B15-91CF-7EA7DA538473}
		{56FCB433-2251-41E1-BC8A-6A1D8BC29D54} = {5F8F6942-F2A8-43E0-8AEA-672FB7AAE0C5}
		{249AE606-8171-4C35-A849-61662B2D2BD7} = {CAD9974E-5CF1-4B55-8D25-370E2ED481F7}
		{A4E702C2-C907-4453-B1A4-DAC5A644EE8A} = {DE40C255-3F47-4AD0-93F5-3DECB4506F24}
		{1A49D98C-261D-42CD-A38C-F68B0BF462ED} = {A4E702C2-C907-4453-B1A4-DAC5A644EE8A}
		{E8CF7144-7C3D-4E38-9B0D-A22CE7697976} = {22691048-4FB9-4B15-91CF-7EA7DA538473}
		{C3623627-9376-431E-AD0B-A1B138528777} = {E8CF7144-7C3D-4E38-9B0D-A22CE7697976}
		{BBF457CD-D91C-4795-92BB-40F44FABA912} = {6045A7B1-E354-42C7-BC1C-319BD67A468D}
		{9F5EE2D1-18BA-489F-9924-54E27D6FCFFF} = {BBF457CD-D91C-4795-92BB-40F44FABA912}
		{F8FB74E6-5B76-43A2-A106-8C6C2E01E687} = {6045A7B1-E354-42C7-BC1C-319BD67A468D}
		{A238027E-FDF6-4AB0-8FF5-0468ADFA809F} = {F8FB74E6-5B76-43A2-A106-8C6C2E01E687}
	EndGlobalSection
	GlobalSection(ExtensibilityGlobals) = postSolution
		SolutionGuid = {BB2962ED-0FB3-4B74-9E2F-DD76B960146C}
	EndGlobalSection
EndGlobal
